
Microsoft Visual Studio Solution File, Format Version 12.00
# Visual Studio Version 16
VisualStudioVersion = 16.0.33529.622
MinimumVisualStudioVersion = 10.0.40219.1
Project("{FAE04EC0-301F-11D3-BF4B-00C04F79EFBC}") = "De-01-ck", "De-01-ck\De-01-ck.csproj", "{78FD11F7-8E88-4DAE-A524-3A3AE0F6FF26}"
EndProject
Global
	GlobalSection(SolutionConfigurationPlatforms) = preSolution
		Debug|Any CPU = Debug|Any CPU
		Release|Any CPU = Release|Any CPU
	EndGlobalSection
	GlobalSection(ProjectConfigurationPlatforms) = postSolution
		{78FD11F7-8E88-4DAE-A524-3A3AE0F6FF26}.Debug|Any CPU.ActiveCfg = Debug|Any CPU
		{78FD11F7-8E88-4DAE-A524-3A3AE0F6FF26}.Debug|Any CPU.Build.0 = Debug|Any CPU
		{78FD11F7-8E88-4DAE-A524-3A3AE0F6FF26}.Release|Any CPU.ActiveCfg = Release|Any CPU
		{78FD11F7-8E88-4DAE-A524-3A3AE0F6FF26}.Release|Any CPU.Build.0 = Release|Any CPU
	EndGlobalSection
	GlobalSection(SolutionProperties) = preSolution
		HideSolutionNode = FALSE
	EndGlobalSection
	GlobalSection(ExtensibilityGlobals) = postSolution
		SolutionGuid = {A4F651AC-9377-4093-B9CF-A63E7BA637CA}
	EndGlobalSection
EndGlobal
