
Microsoft Visual Studio Solution File, Format Version 12.00
# Visual Studio 2013
VisualStudioVersion = 12.0.21005.1
MinimumVisualStudioVersion = 10.0.40219.1
Project("{FAE04EC0-301F-11D3-BF4B-00C04F79EFBC}") = "HelloWorld", "HelloWorld\HelloWorld.csproj", "{D72AFAA4-B712-4DCD-9184-9C1BE7D0B7C1}"
EndProject
Project("{FAE04EC0-301F-11D3-BF4B-00C04F79EFBC}") = "Bai 4", "Bai 4\Bai 4.csproj", "{C64EA848-7C35-4D19-8928-FEC659DD5CAD}"
EndProject
Project("{FAE04EC0-301F-11D3-BF4B-00C04F79EFBC}") = "Bai5", "Bai5\Bai5.csproj", "{4D246003-C36A-486E-8A19-0AFEE25488CE}"
EndProject
Global
	GlobalSection(SolutionConfigurationPlatforms) = preSolution
		Debug|Any CPU = Debug|Any CPU
		Release|Any CPU = Release|Any CPU
	EndGlobalSection
	GlobalSection(ProjectConfigurationPlatforms) = postSolution
		{D72AFAA4-B712-4DCD-9184-9C1BE7D0B7C1}.Debug|Any CPU.ActiveCfg = Debug|Any CPU
		{D72AFAA4-B712-4DCD-9184-9C1BE7D0B7C1}.Debug|Any CPU.Build.0 = Debug|Any CPU
		{D72AFAA4-B712-4DCD-9184-9C1BE7D0B7C1}.Release|Any CPU.ActiveCfg = Release|Any CPU
		{D72AFAA4-B712-4DCD-9184-9C1BE7D0B7C1}.Release|Any CPU.Build.0 = Release|Any CPU
		{C64EA848-7C35-4D19-8928-FEC659DD5CAD}.Debug|Any CPU.ActiveCfg = Debug|Any CPU
		{C64EA848-7C35-4D19-8928-FEC659DD5CAD}.Debug|Any CPU.Build.0 = Debug|Any CPU
		{C64EA848-7C35-4D19-8928-FEC659DD5CAD}.Release|Any CPU.ActiveCfg = Release|Any CPU
		{C64EA848-7C35-4D19-8928-FEC659DD5CAD}.Release|Any CPU.Build.0 = Release|Any CPU
		{4D246003-C36A-486E-8A19-0AFEE25488CE}.Debug|Any CPU.ActiveCfg = Debug|Any CPU
		{4D246003-C36A-486E-8A19-0AFEE25488CE}.Debug|Any CPU.Build.0 = Debug|Any CPU
		{4D246003-C36A-486E-8A19-0AFEE25488CE}.Release|Any CPU.ActiveCfg = Release|Any CPU
		{4D246003-C36A-486E-8A19-0AFEE25488CE}.Release|Any CPU.Build.0 = Release|Any CPU
	EndGlobalSection
	GlobalSection(SolutionProperties) = preSolution
		HideSolutionNode = FALSE
	EndGlobalSection
EndGlobal
