
Microsoft Visual Studio Solution File, Format Version 12.00
# Visual Studio Version 16
VisualStudioVersion = 16.0.33529.622
MinimumVisualStudioVersion = 10.0.40219.1
Project("{FAE04EC0-301F-11D3-BF4B-00C04F79EFBC}") = "BaiTapVeClass", "BaiTapVeClass\BaiTapVeClass.csproj", "{DEF83A9A-BB90-44F4-BB94-59B0E5D5EF7A}"
EndProject
Project("{FAE04EC0-301F-11D3-BF4B-00C04F79EFBC}") = "Bai1", "Bai1\Bai1.csproj", "{BC3D948B-0682-4CAD-8724-73EA7AB2909D}"
EndProject
Project("{FAE04EC0-301F-11D3-BF4B-00C04F79EFBC}") = "bai2", "bai2\bai2.csproj", "{98189389-47EE-469B-A842-935FBD80F13D}"
EndProject
Project("{FAE04EC0-301F-11D3-BF4B-00C04F79EFBC}") = "bai5", "bai5\bai5.csproj", "{8BF2AAB2-0029-4017-B07D-4B80537999D4}"
EndProject
Global
	GlobalSection(SolutionConfigurationPlatforms) = preSolution
		Debug|Any CPU = Debug|Any CPU
		Release|Any CPU = Release|Any CPU
	EndGlobalSection
	GlobalSection(ProjectConfigurationPlatforms) = postSolution
		{DEF83A9A-BB90-44F4-BB94-59B0E5D5EF7A}.Debug|Any CPU.ActiveCfg = Debug|Any CPU
		{DEF83A9A-BB90-44F4-BB94-59B0E5D5EF7A}.Debug|Any CPU.Build.0 = Debug|Any CPU
		{DEF83A9A-BB90-44F4-BB94-59B0E5D5EF7A}.Release|Any CPU.ActiveCfg = Release|Any CPU
		{DEF83A9A-BB90-44F4-BB94-59B0E5D5EF7A}.Release|Any CPU.Build.0 = Release|Any CPU
		{BC3D948B-0682-4CAD-8724-73EA7AB2909D}.Debug|Any CPU.ActiveCfg = Debug|Any CPU
		{BC3D948B-0682-4CAD-8724-73EA7AB2909D}.Debug|Any CPU.Build.0 = Debug|Any CPU
		{BC3D948B-0682-4CAD-8724-73EA7AB2909D}.Release|Any CPU.ActiveCfg = Release|Any CPU
		{BC3D948B-0682-4CAD-8724-73EA7AB2909D}.Release|Any CPU.Build.0 = Release|Any CPU
		{98189389-47EE-469B-A842-935FBD80F13D}.Debug|Any CPU.ActiveCfg = Debug|Any CPU
		{98189389-47EE-469B-A842-935FBD80F13D}.Debug|Any CPU.Build.0 = Debug|Any CPU
		{98189389-47EE-469B-A842-935FBD80F13D}.Release|Any CPU.ActiveCfg = Release|Any CPU
		{98189389-47EE-469B-A842-935FBD80F13D}.Release|Any CPU.Build.0 = Release|Any CPU
		{8BF2AAB2-0029-4017-B07D-4B80537999D4}.Debug|Any CPU.ActiveCfg = Debug|Any CPU
		{8BF2AAB2-0029-4017-B07D-4B80537999D4}.Debug|Any CPU.Build.0 = Debug|Any CPU
		{8BF2AAB2-0029-4017-B07D-4B80537999D4}.Release|Any CPU.ActiveCfg = Release|Any CPU
		{8BF2AAB2-0029-4017-B07D-4B80537999D4}.Release|Any CPU.Build.0 = Release|Any CPU
	EndGlobalSection
	GlobalSection(SolutionProperties) = preSolution
		HideSolutionNode = FALSE
	EndGlobalSection
	GlobalSection(ExtensibilityGlobals) = postSolution
		SolutionGuid = {FAAC0794-1E57-44C8-AFB5-81E81E547DFB}
	EndGlobalSection
EndGlobal
