
Microsoft Visual Studio Solution File, Format Version 12.00
# Visual Studio Version 16
VisualStudioVersion = 16.0.33529.622
MinimumVisualStudioVersion = 10.0.40219.1
Project("{FAE04EC0-301F-11D3-BF4B-00C04F79EFBC}") = "TH07", "TH07\TH07.csproj", "{E93F6E2F-AC19-4F7A-8DBA-BD0CF47AD641}"
EndProject
Global
	GlobalSection(SolutionConfigurationPlatforms) = preSolution
		Debug|Any CPU = Debug|Any CPU
		Release|Any CPU = Release|Any CPU
	EndGlobalSection
	GlobalSection(ProjectConfigurationPlatforms) = postSolution
		{E93F6E2F-AC19-4F7A-8DBA-BD0CF47AD641}.Debug|Any CPU.ActiveCfg = Debug|Any CPU
		{E93F6E2F-AC19-4F7A-8DBA-BD0CF47AD641}.Debug|Any CPU.Build.0 = Debug|Any CPU
		{E93F6E2F-AC19-4F7A-8DBA-BD0CF47AD641}.Release|Any CPU.ActiveCfg = Release|Any CPU
		{E93F6E2F-AC19-4F7A-8DBA-BD0CF47AD641}.Release|Any CPU.Build.0 = Release|Any CPU
	EndGlobalSection
	GlobalSection(SolutionProperties) = preSolution
		HideSolutionNode = FALSE
	EndGlobalSection
	GlobalSection(ExtensibilityGlobals) = postSolution
		SolutionGuid = {DFC52B24-5D9C-405C-86C6-49CACCB6B893}
	EndGlobalSection
EndGlobal
